
Microsoft Visual Studio Solution File, Format Version 12.00
Project("{FAE04EC0-301F-11D3-BF4B-00C04F79EFBC}") = "ConsoleDemo", "ConsoleDemo\ConsoleDemo.csproj", "{A732D192-0258-4014-BD5A-D5990DA4FEB8}"
EndProject
Project("{FAE04EC0-301F-11D3-BF4B-00C04F79EFBC}") = "Squirrel", "..\Squirrel\Squirrel.csproj", "{13FAF5DC-ED00-4645-AD75-2E55E4D4EBF5}"
EndProject
Project("{FAE04EC0-301F-11D3-BF4B-00C04F79EFBC}") = "SquirrelUnitTests", "..\SquirrelTests\SquirrelUnitTests.csproj", "{D926FFE0-C686-450E-A0EE-94E8CAA15854}"
EndProject
Project("{FAE04EC0-301F-11D3-BF4B-00C04F79EFBC}") = "Universe", "Universe\Universe.csproj", "{9B731527-4A2D-41D9-B71D-B8D4AB354A64}"
EndProject
Project("{FAE04EC0-301F-11D3-BF4B-00C04F79EFBC}") = "CleanserDemo", "CleanserDemo\CleanserDemo.csproj", "{744126B2-3FC8-4401-A4EB-38BC5A20EB6D}"
EndProject
Project("{FAE04EC0-301F-11D3-BF4B-00C04F79EFBC}") = "HealthCareAnalytics", "HealthCareAnalytics\HealthCareAnalytics.csproj", "{67611DB4-3B7D-4034-B2D2-C5A781D19266}"
EndProject
Project("{FAE04EC0-301F-11D3-BF4B-00C04F79EFBC}") = "ConsoleApp13", "ConsoleApp13\ConsoleApp13.csproj", "{FB38C237-7409-4CA8-9439-D485D7FE5AED}"
EndProject
Project("{FAE04EC0-301F-11D3-BF4B-00C04F79EFBC}") = "SquirrelWeb", "SquirrelWeb\SquirrelWeb.csproj", "{1B450E5B-988A-4920-8FAE-D2836F495395}"
EndProject
Project("{FAE04EC0-301F-11D3-BF4B-00C04F79EFBC}") = "SlicingDicing", "SlicingDicing\SlicingDicing.csproj", "{DD9D346B-53AA-4B28-A522-1EBB0A413DFF}"
EndProject
Project("{FAE04EC0-301F-11D3-BF4B-00C04F79EFBC}") = "RandomDash", "RandomDash\RandomDash.csproj", "{7CBA7DE0-34D5-4149-8493-D2F976801A60}"
EndProject
Project("{FAE04EC0-301F-11D3-BF4B-00C04F79EFBC}") = "AllDataSets", "AllDataSets\AllDataSets.csproj", "{1D2ED6E3-8973-4CCB-B94B-8E66CC9F1E26}"
EndProject
Project("{FAE04EC0-301F-11D3-BF4B-00C04F79EFBC}") = "BETZ", "BETZ\BETZ.csproj", "{640E9862-B251-4A4F-BE7C-8A695DB174AA}"
EndProject
Project("{FAE04EC0-301F-11D3-BF4B-00C04F79EFBC}") = "AML", "AML\AML.csproj", "{6A7D0846-C7DD-441E-8145-69592FDBC127}"
EndProject
Project("{FAE04EC0-301F-11D3-BF4B-00C04F79EFBC}") = "AMLAnalysis", "AMLAnalysis\AMLAnalysis.csproj", "{CF69BA9F-9CA0-42CA-AF2E-CCD41631A95B}"
EndProject
Project("{FAE04EC0-301F-11D3-BF4B-00C04F79EFBC}") = "CaseStudy", "CaseStudy\CaseStudy.csproj", "{F021990C-2EBD-4DA5-B09F-6569BB3BCF09}"
EndProject
Project("{FAE04EC0-301F-11D3-BF4B-00C04F79EFBC}") = "AML2", "AML2\AML2.csproj", "{6AC112AD-1C46-427E-8E64-A31C788408CB}"
EndProject
Project("{FAE04EC0-301F-11D3-BF4B-00C04F79EFBC}") = "AML3", "AML3\AML3.csproj", "{CCF3AAC1-0ED2-4411-8DE5-0B2E41A0D8FC}"
EndProject
Project("{FAE04EC0-301F-11D3-BF4B-00C04F79EFBC}") = "AML4", "AML4\AML4.csproj", "{38217344-F104-44A2-9CA2-177AFA2B5627}"
EndProject
Project("{FAE04EC0-301F-11D3-BF4B-00C04F79EFBC}") = "BogusGenerator", "BogusGenerator\BogusGenerator.csproj", "{9EB9AF88-4813-4FAF-ADAD-B15FC3826FE9}"
EndProject
Project("{FAE04EC0-301F-11D3-BF4B-00C04F79EFBC}") = "AmlDemo", "AmlDemo\AmlDemo.csproj", "{07FC121C-115B-48C9-9F4A-8ECC0AA3A94A}"
EndProject
Project("{FAE04EC0-301F-11D3-BF4B-00C04F79EFBC}") = "FootFall_1", "FootFall_1\FootFall_1.csproj", "{31EFFD94-ED01-45A4-9337-EF1F233A49DC}"
EndProject
Global
	GlobalSection(SolutionConfigurationPlatforms) = preSolution
		Debug|Any CPU = Debug|Any CPU
		Release|Any CPU = Release|Any CPU
	EndGlobalSection
	GlobalSection(ProjectConfigurationPlatforms) = postSolution
		{A732D192-0258-4014-BD5A-D5990DA4FEB8}.Debug|Any CPU.ActiveCfg = Debug|Any CPU
		{A732D192-0258-4014-BD5A-D5990DA4FEB8}.Debug|Any CPU.Build.0 = Debug|Any CPU
		{A732D192-0258-4014-BD5A-D5990DA4FEB8}.Release|Any CPU.ActiveCfg = Release|Any CPU
		{A732D192-0258-4014-BD5A-D5990DA4FEB8}.Release|Any CPU.Build.0 = Release|Any CPU
		{13FAF5DC-ED00-4645-AD75-2E55E4D4EBF5}.Debug|Any CPU.ActiveCfg = Debug|Any CPU
		{13FAF5DC-ED00-4645-AD75-2E55E4D4EBF5}.Debug|Any CPU.Build.0 = Debug|Any CPU
		{13FAF5DC-ED00-4645-AD75-2E55E4D4EBF5}.Release|Any CPU.ActiveCfg = Release|Any CPU
		{13FAF5DC-ED00-4645-AD75-2E55E4D4EBF5}.Release|Any CPU.Build.0 = Release|Any CPU
		{D926FFE0-C686-450E-A0EE-94E8CAA15854}.Debug|Any CPU.ActiveCfg = Debug|Any CPU
		{D926FFE0-C686-450E-A0EE-94E8CAA15854}.Debug|Any CPU.Build.0 = Debug|Any CPU
		{D926FFE0-C686-450E-A0EE-94E8CAA15854}.Release|Any CPU.ActiveCfg = Release|Any CPU
		{D926FFE0-C686-450E-A0EE-94E8CAA15854}.Release|Any CPU.Build.0 = Release|Any CPU
		{9B731527-4A2D-41D9-B71D-B8D4AB354A64}.Debug|Any CPU.ActiveCfg = Debug|Any CPU
		{9B731527-4A2D-41D9-B71D-B8D4AB354A64}.Debug|Any CPU.Build.0 = Debug|Any CPU
		{9B731527-4A2D-41D9-B71D-B8D4AB354A64}.Release|Any CPU.ActiveCfg = Release|Any CPU
		{9B731527-4A2D-41D9-B71D-B8D4AB354A64}.Release|Any CPU.Build.0 = Release|Any CPU
		{744126B2-3FC8-4401-A4EB-38BC5A20EB6D}.Debug|Any CPU.ActiveCfg = Debug|Any CPU
		{744126B2-3FC8-4401-A4EB-38BC5A20EB6D}.Debug|Any CPU.Build.0 = Debug|Any CPU
		{744126B2-3FC8-4401-A4EB-38BC5A20EB6D}.Release|Any CPU.ActiveCfg = Release|Any CPU
		{744126B2-3FC8-4401-A4EB-38BC5A20EB6D}.Release|Any CPU.Build.0 = Release|Any CPU
		{67611DB4-3B7D-4034-B2D2-C5A781D19266}.Debug|Any CPU.ActiveCfg = Debug|Any CPU
		{67611DB4-3B7D-4034-B2D2-C5A781D19266}.Debug|Any CPU.Build.0 = Debug|Any CPU
		{67611DB4-3B7D-4034-B2D2-C5A781D19266}.Release|Any CPU.ActiveCfg = Release|Any CPU
		{67611DB4-3B7D-4034-B2D2-C5A781D19266}.Release|Any CPU.Build.0 = Release|Any CPU
		{FB38C237-7409-4CA8-9439-D485D7FE5AED}.Debug|Any CPU.ActiveCfg = Debug|Any CPU
		{FB38C237-7409-4CA8-9439-D485D7FE5AED}.Debug|Any CPU.Build.0 = Debug|Any CPU
		{FB38C237-7409-4CA8-9439-D485D7FE5AED}.Release|Any CPU.ActiveCfg = Release|Any CPU
		{FB38C237-7409-4CA8-9439-D485D7FE5AED}.Release|Any CPU.Build.0 = Release|Any CPU
		{1B450E5B-988A-4920-8FAE-D2836F495395}.Debug|Any CPU.ActiveCfg = Debug|Any CPU
		{1B450E5B-988A-4920-8FAE-D2836F495395}.Debug|Any CPU.Build.0 = Debug|Any CPU
		{1B450E5B-988A-4920-8FAE-D2836F495395}.Release|Any CPU.ActiveCfg = Release|Any CPU
		{1B450E5B-988A-4920-8FAE-D2836F495395}.Release|Any CPU.Build.0 = Release|Any CPU
		{DD9D346B-53AA-4B28-A522-1EBB0A413DFF}.Debug|Any CPU.ActiveCfg = Debug|Any CPU
		{DD9D346B-53AA-4B28-A522-1EBB0A413DFF}.Debug|Any CPU.Build.0 = Debug|Any CPU
		{DD9D346B-53AA-4B28-A522-1EBB0A413DFF}.Release|Any CPU.ActiveCfg = Release|Any CPU
		{DD9D346B-53AA-4B28-A522-1EBB0A413DFF}.Release|Any CPU.Build.0 = Release|Any CPU
		{7CBA7DE0-34D5-4149-8493-D2F976801A60}.Debug|Any CPU.ActiveCfg = Debug|Any CPU
		{7CBA7DE0-34D5-4149-8493-D2F976801A60}.Debug|Any CPU.Build.0 = Debug|Any CPU
		{7CBA7DE0-34D5-4149-8493-D2F976801A60}.Release|Any CPU.ActiveCfg = Release|Any CPU
		{7CBA7DE0-34D5-4149-8493-D2F976801A60}.Release|Any CPU.Build.0 = Release|Any CPU
		{1D2ED6E3-8973-4CCB-B94B-8E66CC9F1E26}.Debug|Any CPU.ActiveCfg = Debug|Any CPU
		{1D2ED6E3-8973-4CCB-B94B-8E66CC9F1E26}.Debug|Any CPU.Build.0 = Debug|Any CPU
		{1D2ED6E3-8973-4CCB-B94B-8E66CC9F1E26}.Release|Any CPU.ActiveCfg = Release|Any CPU
		{1D2ED6E3-8973-4CCB-B94B-8E66CC9F1E26}.Release|Any CPU.Build.0 = Release|Any CPU
		{640E9862-B251-4A4F-BE7C-8A695DB174AA}.Debug|Any CPU.ActiveCfg = Debug|Any CPU
		{640E9862-B251-4A4F-BE7C-8A695DB174AA}.Debug|Any CPU.Build.0 = Debug|Any CPU
		{640E9862-B251-4A4F-BE7C-8A695DB174AA}.Release|Any CPU.ActiveCfg = Release|Any CPU
		{640E9862-B251-4A4F-BE7C-8A695DB174AA}.Release|Any CPU.Build.0 = Release|Any CPU
		{6A7D0846-C7DD-441E-8145-69592FDBC127}.Debug|Any CPU.ActiveCfg = Debug|Any CPU
		{6A7D0846-C7DD-441E-8145-69592FDBC127}.Debug|Any CPU.Build.0 = Debug|Any CPU
		{6A7D0846-C7DD-441E-8145-69592FDBC127}.Release|Any CPU.ActiveCfg = Release|Any CPU
		{6A7D0846-C7DD-441E-8145-69592FDBC127}.Release|Any CPU.Build.0 = Release|Any CPU
		{CF69BA9F-9CA0-42CA-AF2E-CCD41631A95B}.Debug|Any CPU.ActiveCfg = Debug|Any CPU
		{CF69BA9F-9CA0-42CA-AF2E-CCD41631A95B}.Debug|Any CPU.Build.0 = Debug|Any CPU
		{CF69BA9F-9CA0-42CA-AF2E-CCD41631A95B}.Release|Any CPU.ActiveCfg = Release|Any CPU
		{CF69BA9F-9CA0-42CA-AF2E-CCD41631A95B}.Release|Any CPU.Build.0 = Release|Any CPU
		{F021990C-2EBD-4DA5-B09F-6569BB3BCF09}.Debug|Any CPU.ActiveCfg = Debug|Any CPU
		{F021990C-2EBD-4DA5-B09F-6569BB3BCF09}.Debug|Any CPU.Build.0 = Debug|Any CPU
		{F021990C-2EBD-4DA5-B09F-6569BB3BCF09}.Release|Any CPU.ActiveCfg = Release|Any CPU
		{F021990C-2EBD-4DA5-B09F-6569BB3BCF09}.Release|Any CPU.Build.0 = Release|Any CPU
		{6AC112AD-1C46-427E-8E64-A31C788408CB}.Debug|Any CPU.ActiveCfg = Debug|Any CPU
		{6AC112AD-1C46-427E-8E64-A31C788408CB}.Debug|Any CPU.Build.0 = Debug|Any CPU
		{6AC112AD-1C46-427E-8E64-A31C788408CB}.Release|Any CPU.ActiveCfg = Release|Any CPU
		{6AC112AD-1C46-427E-8E64-A31C788408CB}.Release|Any CPU.Build.0 = Release|Any CPU
		{CCF3AAC1-0ED2-4411-8DE5-0B2E41A0D8FC}.Debug|Any CPU.ActiveCfg = Debug|Any CPU
		{CCF3AAC1-0ED2-4411-8DE5-0B2E41A0D8FC}.Debug|Any CPU.Build.0 = Debug|Any CPU
		{CCF3AAC1-0ED2-4411-8DE5-0B2E41A0D8FC}.Release|Any CPU.ActiveCfg = Release|Any CPU
		{CCF3AAC1-0ED2-4411-8DE5-0B2E41A0D8FC}.Release|Any CPU.Build.0 = Release|Any CPU
		{38217344-F104-44A2-9CA2-177AFA2B5627}.Debug|Any CPU.ActiveCfg = Debug|Any CPU
		{38217344-F104-44A2-9CA2-177AFA2B5627}.Debug|Any CPU.Build.0 = Debug|Any CPU
		{38217344-F104-44A2-9CA2-177AFA2B5627}.Release|Any CPU.ActiveCfg = Release|Any CPU
		{38217344-F104-44A2-9CA2-177AFA2B5627}.Release|Any CPU.Build.0 = Release|Any CPU
		{9EB9AF88-4813-4FAF-ADAD-B15FC3826FE9}.Debug|Any CPU.ActiveCfg = Debug|Any CPU
		{9EB9AF88-4813-4FAF-ADAD-B15FC3826FE9}.Debug|Any CPU.Build.0 = Debug|Any CPU
		{9EB9AF88-4813-4FAF-ADAD-B15FC3826FE9}.Release|Any CPU.ActiveCfg = Release|Any CPU
		{9EB9AF88-4813-4FAF-ADAD-B15FC3826FE9}.Release|Any CPU.Build.0 = Release|Any CPU
		{07FC121C-115B-48C9-9F4A-8ECC0AA3A94A}.Debug|Any CPU.ActiveCfg = Debug|Any CPU
		{07FC121C-115B-48C9-9F4A-8ECC0AA3A94A}.Debug|Any CPU.Build.0 = Debug|Any CPU
		{07FC121C-115B-48C9-9F4A-8ECC0AA3A94A}.Release|Any CPU.ActiveCfg = Release|Any CPU
		{07FC121C-115B-48C9-9F4A-8ECC0AA3A94A}.Release|Any CPU.Build.0 = Release|Any CPU
		{31EFFD94-ED01-45A4-9337-EF1F233A49DC}.Debug|Any CPU.ActiveCfg = Debug|Any CPU
		{31EFFD94-ED01-45A4-9337-EF1F233A49DC}.Debug|Any CPU.Build.0 = Debug|Any CPU
		{31EFFD94-ED01-45A4-9337-EF1F233A49DC}.Release|Any CPU.ActiveCfg = Release|Any CPU
		{31EFFD94-ED01-45A4-9337-EF1F233A49DC}.Release|Any CPU.Build.0 = Release|Any CPU
	EndGlobalSection
EndGlobal
